// !$*UTF8*$!
{
	archiveVersion = 1;
	classes = {
	};
	objectVersion = 50;
	objects = {

/* Begin PBXBuildFile section */
		ACB96C9D2536BDBA00BFF95E /* AppDelegate.swift in Sources */ = {isa = PBXBuildFile; fileRef = ACB96C9C2536BDBA00BFF95E /* AppDelegate.swift */; };
		ACB96C9F2536BDBA00BFF95E /* SceneDelegate.swift in Sources */ = {isa = PBXBuildFile; fileRef = ACB96C9E2536BDBA00BFF95E /* SceneDelegate.swift */; };
		ACB96CA12536BDBA00BFF95E /* ViewController.swift in Sources */ = {isa = PBXBuildFile; fileRef = ACB96CA02536BDBA00BFF95E /* ViewController.swift */; };
		ACB96CA42536BDBA00BFF95E /* Main.storyboard in Resources */ = {isa = PBXBuildFile; fileRef = ACB96CA22536BDBA00BFF95E /* Main.storyboard */; };
		ACB96CA62536BDBB00BFF95E /* Assets.xcassets in Resources */ = {isa = PBXBuildFile; fileRef = ACB96CA52536BDBB00BFF95E /* Assets.xcassets */; };
		ACB96CA92536BDBB00BFF95E /* LaunchScreen.storyboard in Resources */ = {isa = PBXBuildFile; fileRef = ACB96CA72536BDBB00BFF95E /* LaunchScreen.storyboard */; };
		ACB96CB42536BDBB00BFF95E /* TheMoviesAppTests.swift in Sources */ = {isa = PBXBuildFile; fileRef = ACB96CB32536BDBB00BFF95E /* TheMoviesAppTests.swift */; };
		ACB96CBF2536BDBB00BFF95E /* TheMoviesAppUITests.swift in Sources */ = {isa = PBXBuildFile; fileRef = ACB96CBE2536BDBB00BFF95E /* TheMoviesAppUITests.swift */; };
/* End PBXBuildFile section */

/* Begin PBXContainerItemProxy section */
		ACB96CB02536BDBB00BFF95E /* PBXContainerItemProxy */ = {
			isa = PBXContainerItemProxy;
			containerPortal = ACB96C912536BDBA00BFF95E /* Project object */;
			proxyType = 1;
			remoteGlobalIDString = ACB96C982536BDBA00BFF95E;
			remoteInfo = TheMoviesApp;
		};
		ACB96CBB2536BDBB00BFF95E /* PBXContainerItemProxy */ = {
			isa = PBXContainerItemProxy;
			containerPortal = ACB96C912536BDBA00BFF95E /* Project object */;
			proxyType = 1;
			remoteGlobalIDString = ACB96C982536BDBA00BFF95E;
			remoteInfo = TheMoviesApp;
		};
/* End PBXContainerItemProxy section */

/* Begin PBXFileReference section */
		ACB96C992536BDBA00BFF95E /* TheMoviesApp.app */ = {isa = PBXFileReference; explicitFileType = wrapper.application; includeInIndex = 0; path = TheMoviesApp.app; sourceTree = BUILT_PRODUCTS_DIR; };
		ACB96C9C2536BDBA00BFF95E /* AppDelegate.swift */ = {isa = PBXFileReference; lastKnownFileType = sourcecode.swift; path = AppDelegate.swift; sourceTree = "<group>"; };
		ACB96C9E2536BDBA00BFF95E /* SceneDelegate.swift */ = {isa = PBXFileReference; lastKnownFileType = sourcecode.swift; path = SceneDelegate.swift; sourceTree = "<group>"; };
		ACB96CA02536BDBA00BFF95E /* ViewController.swift */ = {isa = PBXFileReference; lastKnownFileType = sourcecode.swift; path = ViewController.swift; sourceTree = "<group>"; };
		ACB96CA32536BDBA00BFF95E /* Base */ = {isa = PBXFileReference; lastKnownFileType = file.storyboard; name = Base; path = Base.lproj/Main.storyboard; sourceTree = "<group>"; };
		ACB96CA52536BDBB00BFF95E /* Assets.xcassets */ = {isa = PBXFileReference; lastKnownFileType = folder.assetcatalog; path = Assets.xcassets; sourceTree = "<group>"; };
		ACB96CA82536BDBB00BFF95E /* Base */ = {isa = PBXFileReference; lastKnownFileType = file.storyboard; name = Base; path = Base.lproj/LaunchScreen.storyboard; sourceTree = "<group>"; };
		ACB96CAA2536BDBB00BFF95E /* Info.plist */ = {isa = PBXFileReference; lastKnownFileType = text.plist.xml; path = Info.plist; sourceTree = "<group>"; };
		ACB96CAF2536BDBB00BFF95E /* TheMoviesAppTests.xctest */ = {isa = PBXFileReference; explicitFileType = wrapper.cfbundle; includeInIndex = 0; path = TheMoviesAppTests.xctest; sourceTree = BUILT_PRODUCTS_DIR; };
		ACB96CB32536BDBB00BFF95E /* TheMoviesAppTests.swift */ = {isa = PBXFileReference; lastKnownFileType = sourcecode.swift; path = TheMoviesAppTests.swift; sourceTree = "<group>"; };
		ACB96CB52536BDBB00BFF95E /* Info.plist */ = {isa = PBXFileReference; lastKnownFileType = text.plist.xml; path = Info.plist; sourceTree = "<group>"; };
		ACB96CBA2536BDBB00BFF95E /* TheMoviesAppUITests.xctest */ = {isa = PBXFileReference; explicitFileType = wrapper.cfbundle; includeInIndex = 0; path = TheMoviesAppUITests.xctest; sourceTree = BUILT_PRODUCTS_DIR; };
		ACB96CBE2536BDBB00BFF95E /* TheMoviesAppUITests.swift */ = {isa = PBXFileReference; lastKnownFileType = sourcecode.swift; path = TheMoviesAppUITests.swift; sourceTree = "<group>"; };
		ACB96CC02536BDBB00BFF95E /* Info.plist */ = {isa = PBXFileReference; lastKnownFileType = text.plist.xml; path = Info.plist; sourceTree = "<group>"; };
/* End PBXFileReference section */

/* Begin PBXFrameworksBuildPhase section */
		ACB96C962536BDBA00BFF95E /* Frameworks */ = {
			isa = PBXFrameworksBuildPhase;
			buildActionMask = 2147483647;
			files = (
			);
			runOnlyForDeploymentPostprocessing = 0;
		};
		ACB96CAC2536BDBB00BFF95E /* Frameworks */ = {
			isa = PBXFrameworksBuildPhase;
			buildActionMask = 2147483647;
			files = (
			);
			runOnlyForDeploymentPostprocessing = 0;
		};
		ACB96CB72536BDBB00BFF95E /* Frameworks */ = {
			isa = PBXFrameworksBuildPhase;
			buildActionMask = 2147483647;
			files = (
			);
			runOnlyForDeploymentPostprocessing = 0;
		};
/* End PBXFrameworksBuildPhase section */

/* Begin PBXGroup section */
		ACB96C902536BDBA00BFF95E = {
			isa = PBXGroup;
			children = (
				ACB96C9B2536BDBA00BFF95E /* TheMoviesApp */,
				ACB96CB22536BDBB00BFF95E /* TheMoviesAppTests */,
				ACB96CBD2536BDBB00BFF95E /* TheMoviesAppUITests */,
				ACB96C9A2536BDBA00BFF95E /* Products */,
			);
			sourceTree = "<group>";
		};
		ACB96C9A2536BDBA00BFF95E /* Products */ = {
			isa = PBXGroup;
			children = (
				ACB96C992536BDBA00BFF95E /* TheMoviesApp.app */,
				ACB96CAF2536BDBB00BFF95E /* TheMoviesAppTests.xctest */,
				ACB96CBA2536BDBB00BFF95E /* TheMoviesAppUITests.xctest */,
			);
			name = Products;
			sourceTree = "<group>";
		};
		ACB96C9B2536BDBA00BFF95E /* TheMoviesApp */ = {
			isa = PBXGroup;
			children = (
				ACB96C9C2536BDBA00BFF95E /* AppDelegate.swift */,
				ACB96C9E2536BDBA00BFF95E /* SceneDelegate.swift */,
				ACB96CA02536BDBA00BFF95E /* ViewController.swift */,
				ACB96CA22536BDBA00BFF95E /* Main.storyboard */,
				ACB96CA52536BDBB00BFF95E /* Assets.xcassets */,
				ACB96CA72536BDBB00BFF95E /* LaunchScreen.storyboard */,
				ACB96CAA2536BDBB00BFF95E /* Info.plist */,
			);
			path = TheMoviesApp;
			sourceTree = "<group>";
		};
		ACB96CB22536BDBB00BFF95E /* TheMoviesAppTests */ = {
			isa = PBXGroup;
			children = (
				ACB96CB32536BDBB00BFF95E /* TheMoviesAppTests.swift */,
				ACB96CB52536BDBB00BFF95E /* Info.plist */,
			);
			path = TheMoviesAppTests;
			sourceTree = "<group>";
		};
		ACB96CBD2536BDBB00BFF95E /* TheMoviesAppUITests */ = {
			isa = PBXGroup;
			children = (
				ACB96CBE2536BDBB00BFF95E /* TheMoviesAppUITests.swift */,
				ACB96CC02536BDBB00BFF95E /* Info.plist */,
			);
			path = TheMoviesAppUITests;
			sourceTree = "<group>";
		};
/* End PBXGroup section */

/* Begin PBXNativeTarget section */
		ACB96C982536BDBA00BFF95E /* TheMoviesApp */ = {
			isa = PBXNativeTarget;
			buildConfigurationList = ACB96CC32536BDBB00BFF95E /* Build configuration list for PBXNativeTarget "TheMoviesApp" */;
			buildPhases = (
				ACB96C952536BDBA00BFF95E /* Sources */,
				ACB96C962536BDBA00BFF95E /* Frameworks */,
				ACB96C972536BDBA00BFF95E /* Resources */,
			);
			buildRules = (
			);
			dependencies = (
			);
			name = TheMoviesApp;
			productName = TheMoviesApp;
			productReference = ACB96C992536BDBA00BFF95E /* TheMoviesApp.app */;
			productType = "com.apple.product-type.application";
		};
		ACB96CAE2536BDBB00BFF95E /* TheMoviesAppTests */ = {
			isa = PBXNativeTarget;
			buildConfigurationList = ACB96CC62536BDBB00BFF95E /* Build configuration list for PBXNativeTarget "TheMoviesAppTests" */;
			buildPhases = (
				ACB96CAB2536BDBB00BFF95E /* Sources */,
				ACB96CAC2536BDBB00BFF95E /* Frameworks */,
				ACB96CAD2536BDBB00BFF95E /* Resources */,
			);
			buildRules = (
			);
			dependencies = (
				ACB96CB12536BDBB00BFF95E /* PBXTargetDependency */,
			);
			name = TheMoviesAppTests;
			productName = TheMoviesAppTests;
			productReference = ACB96CAF2536BDBB00BFF95E /* TheMoviesAppTests.xctest */;
			productType = "com.apple.product-type.bundle.unit-test";
		};
		ACB96CB92536BDBB00BFF95E /* TheMoviesAppUITests */ = {
			isa = PBXNativeTarget;
			buildConfigurationList = ACB96CC92536BDBB00BFF95E /* Build configuration list for PBXNativeTarget "TheMoviesAppUITests" */;
			buildPhases = (
				ACB96CB62536BDBB00BFF95E /* Sources */,
				ACB96CB72536BDBB00BFF95E /* Frameworks */,
				ACB96CB82536BDBB00BFF95E /* Resources */,
			);
			buildRules = (
			);
			dependencies = (
				ACB96CBC2536BDBB00BFF95E /* PBXTargetDependency */,
			);
			name = TheMoviesAppUITests;
			productName = TheMoviesAppUITests;
			productReference = ACB96CBA2536BDBB00BFF95E /* TheMoviesAppUITests.xctest */;
			productType = "com.apple.product-type.bundle.ui-testing";
		};
/* End PBXNativeTarget section */

/* Begin PBXProject section */
		ACB96C912536BDBA00BFF95E /* Project object */ = {
			isa = PBXProject;
			attributes = {
				LastSwiftUpdateCheck = 1200;
				LastUpgradeCheck = 1200;
				TargetAttributes = {
					ACB96C982536BDBA00BFF95E = {
						CreatedOnToolsVersion = 12.0.1;
					};
					ACB96CAE2536BDBB00BFF95E = {
						CreatedOnToolsVersion = 12.0.1;
						TestTargetID = ACB96C982536BDBA00BFF95E;
					};
					ACB96CB92536BDBB00BFF95E = {
						CreatedOnToolsVersion = 12.0.1;
						TestTargetID = ACB96C982536BDBA00BFF95E;
					};
				};
			};
			buildConfigurationList = ACB96C942536BDBA00BFF95E /* Build configuration list for PBXProject "TheMoviesApp" */;
			compatibilityVersion = "Xcode 9.3";
			developmentRegion = en;
			hasScannedForEncodings = 0;
			knownRegions = (
				en,
				Base,
			);
			mainGroup = ACB96C902536BDBA00BFF95E;
			productRefGroup = ACB96C9A2536BDBA00BFF95E /* Products */;
			projectDirPath = "";
			projectRoot = "";
			targets = (
				ACB96C982536BDBA00BFF95E /* TheMoviesApp */,
				ACB96CAE2536BDBB00BFF95E /* TheMoviesAppTests */,
				ACB96CB92536BDBB00BFF95E /* TheMoviesAppUITests */,
			);
		};
/* End PBXProject section */

/* Begin PBXResourcesBuildPhase section */
		ACB96C972536BDBA00BFF95E /* Resources */ = {
			isa = PBXResourcesBuildPhase;
			buildActionMask = 2147483647;
			files = (
				ACB96CA92536BDBB00BFF95E /* LaunchScreen.storyboard in Resources */,
				ACB96CA62536BDBB00BFF95E /* Assets.xcassets in Resources */,
				ACB96CA42536BDBA00BFF95E /* Main.storyboard in Resources */,
			);
			runOnlyForDeploymentPostprocessing = 0;
		};
		ACB96CAD2536BDBB00BFF95E /* Resources */ = {
			isa = PBXResourcesBuildPhase;
			buildActionMask = 2147483647;
			files = (
			);
			runOnlyForDeploymentPostprocessing = 0;
		};
		ACB96CB82536BDBB00BFF95E /* Resources */ = {
			isa = PBXResourcesBuildPhase;
			buildActionMask = 2147483647;
			files = (
			);
			runOnlyForDeploymentPostprocessing = 0;
		};
/* End PBXResourcesBuildPhase section */

/* Begin PBXSourcesBuildPhase section */
		ACB96C952536BDBA00BFF95E /* Sources */ = {
			isa = PBXSourcesBuildPhase;
			buildActionMask = 2147483647;
			files = (
				ACB96CA12536BDBA00BFF95E /* ViewController.swift in Sources */,
				ACB96C9D2536BDBA00BFF95E /* AppDelegate.swift in Sources */,
				ACB96C9F2536BDBA00BFF95E /* SceneDelegate.swift in Sources */,
			);
			runOnlyForDeploymentPostprocessing = 0;
		};
		ACB96CAB2536BDBB00BFF95E /* Sources */ = {
			isa = PBXSourcesBuildPhase;
			buildActionMask = 2147483647;
			files = (
				ACB96CB42536BDBB00BFF95E /* TheMoviesAppTests.swift in Sources */,
			);
			runOnlyForDeploymentPostprocessing = 0;
		};
		ACB96CB62536BDBB00BFF95E /* Sources */ = {
			isa = PBXSourcesBuildPhase;
			buildActionMask = 2147483647;
			files = (
				ACB96CBF2536BDBB00BFF95E /* TheMoviesAppUITests.swift in Sources */,
			);
			runOnlyForDeploymentPostprocessing = 0;
		};
/* End PBXSourcesBuildPhase section */

/* Begin PBXTargetDependency section */
		ACB96CB12536BDBB00BFF95E /* PBXTargetDependency */ = {
			isa = PBXTargetDependency;
			target = ACB96C982536BDBA00BFF95E /* TheMoviesApp */;
			targetProxy = ACB96CB02536BDBB00BFF95E /* PBXContainerItemProxy */;
		};
		ACB96CBC2536BDBB00BFF95E /* PBXTargetDependency */ = {
			isa = PBXTargetDependency;
			target = ACB96C982536BDBA00BFF95E /* TheMoviesApp */;
			targetProxy = ACB96CBB2536BDBB00BFF95E /* PBXContainerItemProxy */;
		};
/* End PBXTargetDependency section */

/* Begin PBXVariantGroup section */
		ACB96CA22536BDBA00BFF95E /* Main.storyboard */ = {
			isa = PBXVariantGroup;
			children = (
				ACB96CA32536BDBA00BFF95E /* Base */,
			);
			name = Main.storyboard;
			sourceTree = "<group>";
		};
		ACB96CA72536BDBB00BFF95E /* LaunchScreen.storyboard */ = {
			isa = PBXVariantGroup;
			children = (
				ACB96CA82536BDBB00BFF95E /* Base */,
			);
			name = LaunchScreen.storyboard;
			sourceTree = "<group>";
		};
/* End PBXVariantGroup section */

/* Begin XCBuildConfiguration section */
		ACB96CC12536BDBB00BFF95E /* Debug */ = {
			isa = XCBuildConfiguration;
			buildSettings = {
				ALWAYS_SEARCH_USER_PATHS = NO;
				CLANG_ANALYZER_NONNULL = YES;
				CLANG_ANALYZER_NUMBER_OBJECT_CONVERSION = YES_AGGRESSIVE;
				CLANG_CXX_LANGUAGE_STANDARD = "gnu++14";
				CLANG_CXX_LIBRARY = "libc++";
				CLANG_ENABLE_MODULES = YES;
				CLANG_ENABLE_OBJC_ARC = YES;
				CLANG_ENABLE_OBJC_WEAK = YES;
				CLANG_WARN_BLOCK_CAPTURE_AUTORELEASING = YES;
				CLANG_WARN_BOOL_CONVERSION = YES;
				CLANG_WARN_COMMA = YES;
				CLANG_WARN_CONSTANT_CONVERSION = YES;
				CLANG_WARN_DEPRECATED_OBJC_IMPLEMENTATIONS = YES;
				CLANG_WARN_DIRECT_OBJC_ISA_USAGE = YES_ERROR;
				CLANG_WARN_DOCUMENTATION_COMMENTS = YES;
				CLANG_WARN_EMPTY_BODY = YES;
				CLANG_WARN_ENUM_CONVERSION = YES;
				CLANG_WARN_INFINITE_RECURSION = YES;
				CLANG_WARN_INT_CONVERSION = YES;
				CLANG_WARN_NON_LITERAL_NULL_CONVERSION = YES;
				CLANG_WARN_OBJC_IMPLICIT_RETAIN_SELF = YES;
				CLANG_WARN_OBJC_LITERAL_CONVERSION = YES;
				CLANG_WARN_OBJC_ROOT_CLASS = YES_ERROR;
				CLANG_WARN_QUOTED_INCLUDE_IN_FRAMEWORK_HEADER = YES;
				CLANG_WARN_RANGE_LOOP_ANALYSIS = YES;
				CLANG_WARN_STRICT_PROTOTYPES = YES;
				CLANG_WARN_SUSPICIOUS_MOVE = YES;
				CLANG_WARN_UNGUARDED_AVAILABILITY = YES_AGGRESSIVE;
				CLANG_WARN_UNREACHABLE_CODE = YES;
				CLANG_WARN__DUPLICATE_METHOD_MATCH = YES;
				COPY_PHASE_STRIP = NO;
				DEBUG_INFORMATION_FORMAT = dwarf;
				ENABLE_STRICT_OBJC_MSGSEND = YES;
				ENABLE_TESTABILITY = YES;
				GCC_C_LANGUAGE_STANDARD = gnu11;
				GCC_DYNAMIC_NO_PIC = NO;
				GCC_NO_COMMON_BLOCKS = YES;
				GCC_OPTIMIZATION_LEVEL = 0;
				GCC_PREPROCESSOR_DEFINITIONS = (
					"DEBUG=1",
					"$(inherited)",
				);
				GCC_WARN_64_TO_32_BIT_CONVERSION = YES;
				GCC_WARN_ABOUT_RETURN_TYPE = YES_ERROR;
				GCC_WARN_UNDECLARED_SELECTOR = YES;
				GCC_WARN_UNINITIALIZED_AUTOS = YES_AGGRESSIVE;
				GCC_WARN_UNUSED_FUNCTION = YES;
				GCC_WARN_UNUSED_VARIABLE = YES;
				IPHONEOS_DEPLOYMENT_TARGET = 14.0;
				MTL_ENABLE_DEBUG_INFO = INCLUDE_SOURCE;
				MTL_FAST_MATH = YES;
				ONLY_ACTIVE_ARCH = YES;
				SDKROOT = iphoneos;
				SWIFT_ACTIVE_COMPILATION_CONDITIONS = DEBUG;
				SWIFT_OPTIMIZATION_LEVEL = "-Onone";
			};
			name = Debug;
		};
		ACB96CC22536BDBB00BFF95E /* Release */ = {
			isa = XCBuildConfiguration;
			buildSettings = {
				ALWAYS_SEARCH_USER_PATHS = NO;
				CLANG_ANALYZER_NONNULL = YES;
				CLANG_ANALYZER_NUMBER_OBJECT_CONVERSION = YES_AGGRESSIVE;
				CLANG_CXX_LANGUAGE_STANDARD = "gnu++14";
				CLANG_CXX_LIBRARY = "libc++";
				CLANG_ENABLE_MODULES = YES;
				CLANG_ENABLE_OBJC_ARC = YES;
				CLANG_ENABLE_OBJC_WEAK = YES;
				CLANG_WARN_BLOCK_CAPTURE_AUTORELEASING = YES;
				CLANG_WARN_BOOL_CONVERSION = YES;
				CLANG_WARN_COMMA = YES;
				CLANG_WARN_CONSTANT_CONVERSION = YES;
				CLANG_WARN_DEPRECATED_OBJC_IMPLEMENTATIONS = YES;
				CLANG_WARN_DIRECT_OBJC_ISA_USAGE = YES_ERROR;
				CLANG_WARN_DOCUMENTATION_COMMENTS = YES;
				CLANG_WARN_EMPTY_BODY = YES;
				CLANG_WARN_ENUM_CONVERSION = YES;
				CLANG_WARN_INFINITE_RECURSION = YES;
				CLANG_WARN_INT_CONVERSION = YES;
				CLANG_WARN_NON_LITERAL_NULL_CONVERSION = YES;
				CLANG_WARN_OBJC_IMPLICIT_RETAIN_SELF = YES;
				CLANG_WARN_OBJC_LITERAL_CONVERSION = YES;
				CLANG_WARN_OBJC_ROOT_CLASS = YES_ERROR;
				CLANG_WARN_QUOTED_INCLUDE_IN_FRAMEWORK_HEADER = YES;
				CLANG_WARN_RANGE_LOOP_ANALYSIS = YES;
				CLANG_WARN_STRICT_PROTOTYPES = YES;
				CLANG_WARN_SUSPICIOUS_MOVE = YES;
				CLANG_WARN_UNGUARDED_AVAILABILITY = YES_AGGRESSIVE;
				CLANG_WARN_UNREACHABLE_CODE = YES;
				CLANG_WARN__DUPLICATE_METHOD_MATCH = YES;
				COPY_PHASE_STRIP = NO;
				DEBUG_INFORMATION_FORMAT = "dwarf-with-dsym";
				ENABLE_NS_ASSERTIONS = NO;
				ENABLE_STRICT_OBJC_MSGSEND = YES;
				GCC_C_LANGUAGE_STANDARD = gnu11;
				GCC_NO_COMMON_BLOCKS = YES;
				GCC_WARN_64_TO_32_BIT_CONVERSION = YES;
				GCC_WARN_ABOUT_RETURN_TYPE = YES_ERROR;
				GCC_WARN_UNDECLARED_SELECTOR = YES;
				GCC_WARN_UNINITIALIZED_AUTOS = YES_AGGRESSIVE;
				GCC_WARN_UNUSED_FUNCTION = YES;
				GCC_WARN_UNUSED_VARIABLE = YES;
				IPHONEOS_DEPLOYMENT_TARGET = 14.0;
				MTL_ENABLE_DEBUG_INFO = NO;
				MTL_FAST_MATH = YES;
				SDKROOT = iphoneos;
				SWIFT_COMPILATION_MODE = wholemodule;
				SWIFT_OPTIMIZATION_LEVEL = "-O";
				VALIDATE_PRODUCT = YES;
			};
			name = Release;
		};
		ACB96CC42536BDBB00BFF95E /* Debug */ = {
			isa = XCBuildConfiguration;
			buildSettings = {
				ASSETCATALOG_COMPILER_APPICON_NAME = AppIcon;
				ASSETCATALOG_COMPILER_GLOBAL_ACCENT_COLOR_NAME = AccentColor;
				CODE_SIGN_STYLE = Automatic;
				DEVELOPMENT_TEAM = A3K92PVTSQ;
				INFOPLIST_FILE = TheMoviesApp/Info.plist;
				LD_RUNPATH_SEARCH_PATHS = (
					"$(inherited)",
					"@executable_path/Frameworks",
				);
				PRODUCT_BUNDLE_IDENTIFIER = com.oliverperez.TheMoviesApp.TheMoviesApp;
				PRODUCT_NAME = "$(TARGET_NAME)";
				SWIFT_VERSION = 5.0;
				TARGETED_DEVICE_FAMILY = "1,2";
			};
			name = Debug;
		};
		ACB96CC52536BDBB00BFF95E /* Release */ = {
			isa = XCBuildConfiguration;
			buildSettings = {
				ASSETCATALOG_COMPILER_APPICON_NAME = AppIcon;
				ASSETCATALOG_COMPILER_GLOBAL_ACCENT_COLOR_NAME = AccentColor;
				CODE_SIGN_STYLE = Automatic;
				DEVELOPMENT_TEAM = A3K92PVTSQ;
				INFOPLIST_FILE = TheMoviesApp/Info.plist;
				LD_RUNPATH_SEARCH_PATHS = (
					"$(inherited)",
					"@executable_path/Frameworks",
				);
				PRODUCT_BUNDLE_IDENTIFIER = com.oliverperez.TheMoviesApp.TheMoviesApp;
				PRODUCT_NAME = "$(TARGET_NAME)";
				SWIFT_VERSION = 5.0;
				TARGETED_DEVICE_FAMILY = "1,2";
			};
			name = Release;
		};
		ACB96CC72536BDBB00BFF95E /* Debug */ = {
			isa = XCBuildConfiguration;
			buildSettings = {
				ALWAYS_EMBED_SWIFT_STANDARD_LIBRARIES = YES;
				BUNDLE_LOADER = "$(TEST_HOST)";
				CODE_SIGN_STYLE = Automatic;
				DEVELOPMENT_TEAM = A3K92PVTSQ;
				INFOPLIST_FILE = TheMoviesAppTests/Info.plist;
				IPHONEOS_DEPLOYMENT_TARGET = 14.0;
				LD_RUNPATH_SEARCH_PATHS = (
					"$(inherited)",
					"@executable_path/Frameworks",
					"@loader_path/Frameworks",
				);
				PRODUCT_BUNDLE_IDENTIFIER = com.oliverperez.TheMoviesApp.TheMoviesAppTests;
				PRODUCT_NAME = "$(TARGET_NAME)";
				SWIFT_VERSION = 5.0;
				TARGETED_DEVICE_FAMILY = "1,2";
				TEST_HOST = "$(BUILT_PRODUCTS_DIR)/TheMoviesApp.app/TheMoviesApp";
			};
			name = Debug;
		};
		ACB96CC82536BDBB00BFF95E /* Release */ = {
			isa = XCBuildConfiguration;
			buildSettings = {
				ALWAYS_EMBED_SWIFT_STANDARD_LIBRARIES = YES;
				BUNDLE_LOADER = "$(TEST_HOST)";
				CODE_SIGN_STYLE = Automatic;
				DEVELOPMENT_TEAM = A3K92PVTSQ;
				INFOPLIST_FILE = TheMoviesAppTests/Info.plist;
				IPHONEOS_DEPLOYMENT_TARGET = 14.0;
				LD_RUNPATH_SEARCH_PATHS = (
					"$(inherited)",
					"@executable_path/Frameworks",
					"@loader_path/Frameworks",
				);
				PRODUCT_BUNDLE_IDENTIFIER = com.oliverperez.TheMoviesApp.TheMoviesAppTests;
				PRODUCT_NAME = "$(TARGET_NAME)";
				SWIFT_VERSION = 5.0;
				TARGETED_DEVICE_FAMILY = "1,2";
				TEST_HOST = "$(BUILT_PRODUCTS_DIR)/TheMoviesApp.app/TheMoviesApp";
			};
			name = Release;
		};
		ACB96CCA2536BDBB00BFF95E /* Debug */ = {
			isa = XCBuildConfiguration;
			buildSettings = {
				ALWAYS_EMBED_SWIFT_STANDARD_LIBRARIES = YES;
				CODE_SIGN_STYLE = Automatic;
				DEVELOPMENT_TEAM = A3K92PVTSQ;
				INFOPLIST_FILE = TheMoviesAppUITests/Info.plist;
				LD_RUNPATH_SEARCH_PATHS = (
					"$(inherited)",
					"@executable_path/Frameworks",
					"@loader_path/Frameworks",
				);
				PRODUCT_BUNDLE_IDENTIFIER = com.oliverperez.TheMoviesApp.TheMoviesAppUITests;
				PRODUCT_NAME = "$(TARGET_NAME)";
				SWIFT_VERSION = 5.0;
				TARGETED_DEVICE_FAMILY = "1,2";
				TEST_TARGET_NAME = TheMoviesApp;
			};
			name = Debug;
		};
		ACB96CCB2536BDBB00BFF95E /* Release */ = {
			isa = XCBuildConfiguration;
			buildSettings = {
				ALWAYS_EMBED_SWIFT_STANDARD_LIBRARIES = YES;
				CODE_SIGN_STYLE = Automatic;
				DEVELOPMENT_TEAM = A3K92PVTSQ;
				INFOPLIST_FILE = TheMoviesAppUITests/Info.plist;
				LD_RUNPATH_SEARCH_PATHS = (
					"$(inherited)",
					"@executable_path/Frameworks",
					"@loader_path/Frameworks",
				);
				PRODUCT_BUNDLE_IDENTIFIER = com.oliverperez.TheMoviesApp.TheMoviesAppUITests;
				PRODUCT_NAME = "$(TARGET_NAME)";
				SWIFT_VERSION = 5.0;
				TARGETED_DEVICE_FAMILY = "1,2";
				TEST_TARGET_NAME = TheMoviesApp;
			};
			name = Release;
		};
/* End XCBuildConfiguration section */

/* Begin XCConfigurationList section */
		ACB96C942536BDBA00BFF95E /* Build configuration list for PBXProject "TheMoviesApp" */ = {
			isa = XCConfigurationList;
			buildConfigurations = (
				ACB96CC12536BDBB00BFF95E /* Debug */,
				ACB96CC22536BDBB00BFF95E /* Release */,
			);
			defaultConfigurationIsVisible = 0;
			defaultConfigurationName = Release;
		};
		ACB96CC32536BDBB00BFF95E /* Build configuration list for PBXNativeTarget "TheMoviesApp" */ = {
			isa = XCConfigurationList;
			buildConfigurations = (
				ACB96CC42536BDBB00BFF95E /* Debug */,
				ACB96CC52536BDBB00BFF95E /* Release */,
			);
			defaultConfigurationIsVisible = 0;
			defaultConfigurationName = Release;
		};
		ACB96CC62536BDBB00BFF95E /* Build configuration list for PBXNativeTarget "TheMoviesAppTests" */ = {
			isa = XCConfigurationList;
			buildConfigurations = (
				ACB96CC72536BDBB00BFF95E /* Debug */,
				ACB96CC82536BDBB00BFF95E /* Release */,
			);
			defaultConfigurationIsVisible = 0;
			defaultConfigurationName = Release;
		};
		ACB96CC92536BDBB00BFF95E /* Build configuration list for PBXNativeTarget "TheMoviesAppUITests" */ = {
			isa = XCConfigurationList;
			buildConfigurations = (
				ACB96CCA2536BDBB00BFF95E /* Debug */,
				ACB96CCB2536BDBB00BFF95E /* Release */,
			);
			defaultConfigurationIsVisible = 0;
			defaultConfigurationName = Release;
		};
/* End XCConfigurationList section */
	};
	rootObject = ACB96C912536BDBA00BFF95E /* Project object */;
}
